
Microsoft Visual Studio Solution File, Format Version 12.00
# Visual Studio Version 17
VisualStudioVersion = 17.2.32630.192
MinimumVisualStudioVersion = 10.0.40219.1
Project("{FAE04EC0-301F-11D3-BF4B-00C04F79EFBC}") = "Calculator", "Calculator\Calculator.csproj", "{B43BEC99-83F3-4196-89A7-CB08AE8D09B1}"
EndProject
Global
	GlobalSection(SolutionConfigurationPlatforms) = preSolution
		Debug|Any CPU = Debug|Any CPU
		Release|Any CPU = Release|Any CPU
	EndGlobalSection
	GlobalSection(ProjectConfigurationPlatforms) = postSolution
		{B43BEC99-83F3-4196-89A7-CB08AE8D09B1}.Debug|Any CPU.ActiveCfg = Debug|Any CPU
		{B43BEC99-83F3-4196-89A7-CB08AE8D09B1}.Debug|Any CPU.Build.0 = Debug|Any CPU
		{B43BEC99-83F3-4196-89A7-CB08AE8D09B1}.Release|Any CPU.ActiveCfg = Release|Any CPU
		{B43BEC99-83F3-4196-89A7-CB08AE8D09B1}.Release|Any CPU.Build.0 = Release|Any CPU
	EndGlobalSection
	GlobalSection(SolutionProperties) = preSolution
		HideSolutionNode = FALSE
	EndGlobalSection
	GlobalSection(ExtensibilityGlobals) = postSolution
		SolutionGuid = {2385EF72-3AE2-4F07-A616-98AB298BB2B9}
	EndGlobalSection
EndGlobal
